
Microsoft Visual Studio Solution File, Format Version 12.00
# Visual Studio 15
VisualStudioVersion = 15.0.26730.12
MinimumVisualStudioVersion = 10.0.40219.1
Project("{FAE04EC0-301F-11D3-BF4B-00C04F79EFBC}") = "KimDung", "KimDung\KimDung.csproj", "{0150FB7A-098A-4739-B21D-83B22E528591}"
EndProject
Global
	GlobalSection(SolutionConfigurationPlatforms) = preSolution
		Debug|Any CPU = Debug|Any CPU
		Release|Any CPU = Release|Any CPU
	EndGlobalSection
	GlobalSection(ProjectConfigurationPlatforms) = postSolution
		{0150FB7A-098A-4739-B21D-83B22E528591}.Debug|Any CPU.ActiveCfg = Debug|Any CPU
		{0150FB7A-098A-4739-B21D-83B22E528591}.Debug|Any CPU.Build.0 = Debug|Any CPU
		{0150FB7A-098A-4739-B21D-83B22E528591}.Release|Any CPU.ActiveCfg = Release|Any CPU
		{0150FB7A-098A-4739-B21D-83B22E528591}.Release|Any CPU.Build.0 = Release|Any CPU
	EndGlobalSection
	GlobalSection(SolutionProperties) = preSolution
		HideSolutionNode = FALSE
	EndGlobalSection
	GlobalSection(ExtensibilityGlobals) = postSolution
		SolutionGuid = {3D73EFE9-D1D9-4A88-8791-8C370F803F46}
	EndGlobalSection
EndGlobal
